
Microsoft Visual Studio Solution File, Format Version 12.00
# Visual Studio Version 17
VisualStudioVersion = 17.12.35707.178
MinimumVisualStudioVersion = 10.0.40219.1
Project("{2150E333-8FDC-42A3-9474-1A3956D46DE8}") = "Services", "Services", "{D8E730BB-8C13-4AF5-9EBF-8A33C151D9E0}"
EndProject
Project("{2150E333-8FDC-42A3-9474-1A3956D46DE8}") = "Message", "Message", "{742DDD93-D8A5-4A15-83C1-D0909B531327}"
EndProject
Project("{2150E333-8FDC-42A3-9474-1A3956D46DE8}") = "Frontend", "Frontend", "{33705011-EAFC-41AD-97EE-3812FB4178C9}"
EndProject
Project("{FAE04EC0-301F-11D3-BF4B-00C04F79EFBC}") = "ApiMessage", "MessageApi\ApiMessage.csproj", "{5FF11BA1-F871-4D52-8375-C330B15AE609}"
EndProject
Project("{FAE04EC0-301F-11D3-BF4B-00C04F79EFBC}") = "Message.Db", "Message.Db\Message.Db.csproj", "{E6942237-9AA9-4A6F-AF12-895DEC173DD3}"
EndProject
Project("{FAE04EC0-301F-11D3-BF4B-00C04F79EFBC}") = "MessageClient", "MessageClient\MessageClient.csproj", "{5A321403-3565-43A1-ABC1-BD3DD7095D97}"
EndProject
Global
	GlobalSection(SolutionConfigurationPlatforms) = preSolution
		Debug|Any CPU = Debug|Any CPU
		Release|Any CPU = Release|Any CPU
	EndGlobalSection
	GlobalSection(ProjectConfigurationPlatforms) = postSolution
		{5FF11BA1-F871-4D52-8375-C330B15AE609}.Debug|Any CPU.ActiveCfg = Debug|Any CPU
		{5FF11BA1-F871-4D52-8375-C330B15AE609}.Debug|Any CPU.Build.0 = Debug|Any CPU
		{5FF11BA1-F871-4D52-8375-C330B15AE609}.Release|Any CPU.ActiveCfg = Release|Any CPU
		{5FF11BA1-F871-4D52-8375-C330B15AE609}.Release|Any CPU.Build.0 = Release|Any CPU
		{E6942237-9AA9-4A6F-AF12-895DEC173DD3}.Debug|Any CPU.ActiveCfg = Debug|Any CPU
		{E6942237-9AA9-4A6F-AF12-895DEC173DD3}.Debug|Any CPU.Build.0 = Debug|Any CPU
		{E6942237-9AA9-4A6F-AF12-895DEC173DD3}.Release|Any CPU.ActiveCfg = Release|Any CPU
		{E6942237-9AA9-4A6F-AF12-895DEC173DD3}.Release|Any CPU.Build.0 = Release|Any CPU
		{5A321403-3565-43A1-ABC1-BD3DD7095D97}.Debug|Any CPU.ActiveCfg = Debug|Any CPU
		{5A321403-3565-43A1-ABC1-BD3DD7095D97}.Debug|Any CPU.Build.0 = Debug|Any CPU
		{5A321403-3565-43A1-ABC1-BD3DD7095D97}.Release|Any CPU.ActiveCfg = Release|Any CPU
		{5A321403-3565-43A1-ABC1-BD3DD7095D97}.Release|Any CPU.Build.0 = Release|Any CPU
	EndGlobalSection
	GlobalSection(SolutionProperties) = preSolution
		HideSolutionNode = FALSE
	EndGlobalSection
	GlobalSection(NestedProjects) = preSolution
		{742DDD93-D8A5-4A15-83C1-D0909B531327} = {D8E730BB-8C13-4AF5-9EBF-8A33C151D9E0}
		{5FF11BA1-F871-4D52-8375-C330B15AE609} = {742DDD93-D8A5-4A15-83C1-D0909B531327}
		{E6942237-9AA9-4A6F-AF12-895DEC173DD3} = {742DDD93-D8A5-4A15-83C1-D0909B531327}
		{5A321403-3565-43A1-ABC1-BD3DD7095D97} = {33705011-EAFC-41AD-97EE-3812FB4178C9}
	EndGlobalSection
EndGlobal
