
Microsoft Visual Studio Solution File, Format Version 12.00
# Visual Studio Version 17
VisualStudioVersion = 17.12.35707.178
MinimumVisualStudioVersion = 10.0.40219.1
Project("{2150E333-8FDC-42A3-9474-1A3956D46DE8}") = "Services", "Services", "{D8E730BB-8C13-4AF5-9EBF-8A33C151D9E0}"
EndProject
Project("{2150E333-8FDC-42A3-9474-1A3956D46DE8}") = "Frontend", "Frontend", "{33705011-EAFC-41AD-97EE-3812FB4178C9}"
EndProject
Project("{9A19103F-16F7-4668-BE54-9A1E7A4F7556}") = "Tandia.Messages.WebApi", "Tandia.Messages.WebApi\Tandia.Messages.WebApi.csproj", "{5FF11BA1-F871-4D52-8375-C330B15AE609}"
EndProject
Project("{9A19103F-16F7-4668-BE54-9A1E7A4F7556}") = "MessageClient", "MessageClient\MessageClient.csproj", "{5A321403-3565-43A1-ABC1-BD3DD7095D97}"
EndProject
Project("{2150E333-8FDC-42A3-9474-1A3956D46DE8}") = "Messages", "Messages", "{6EF2A63D-E9E5-443A-BEEB-21AB8C26547F}"
EndProject
Project("{9A19103F-16F7-4668-BE54-9A1E7A4F7556}") = "Tandia.Messages.Application", "Tandia.Messages\Tandia.Messages.Application.csproj", "{BA022FBD-BF04-4DDA-BB97-0B0BE6C03723}"
EndProject
Project("{2150E333-8FDC-42A3-9474-1A3956D46DE8}") = "src", "src", "{8DDE89DE-584D-454D-B1E6-7F3F75006101}"
EndProject
Project("{2150E333-8FDC-42A3-9474-1A3956D46DE8}") = "Solution Items", "Solution Items", "{A612634C-F297-49F7-A40C-521FA825AE87}"
	ProjectSection(SolutionItems) = preProject
		.editorconfig = .editorconfig
		Directory.Build.props = Directory.Build.props
	EndProjectSection
EndProject
Project("{FAE04EC0-301F-11D3-BF4B-00C04F79EFBC}") = "Tandia.Messages.Infrastructure", "Tandia.Messages.Infrastructure\Tandia.Messages.Infrastructure.csproj", "{5D336919-FFDA-459D-B43E-32C242678EBD}"
EndProject
Project("{FAE04EC0-301F-11D3-BF4B-00C04F79EFBC}") = "Tandia.Messages.ComponentTests", "Tandia.Messages.ComponentTests\Tandia.Messages.ComponentTests.csproj", "{68CBF5BB-9DC3-41BE-9F23-009E08390D24}"
EndProject
Project("{2150E333-8FDC-42A3-9474-1A3956D46DE8}") = "Identity", "Identity", "{36D591C7-65C7-A0D1-1CBC-10CDE441BDC8}"
EndProject
Project("{FAE04EC0-301F-11D3-BF4B-00C04F79EFBC}") = "Tandia.Identity.Application", "Tandia.Identity.Application\Tandia.Identity.Application.csproj", "{118E13D5-EB81-4D54-968C-AEF6FE7562D9}"
EndProject
Project("{FAE04EC0-301F-11D3-BF4B-00C04F79EFBC}") = "Tandia.Identity.Infrastructure", "Tandia.Identity.Infrastructure\Tandia.Identity.Infrastructure.csproj", "{9C668F5C-B3EA-414C-949E-BEA88F1B5F0C}"
EndProject
Project("{FAE04EC0-301F-11D3-BF4B-00C04F79EFBC}") = "Tandia.Identity.WebApi", "Tandia.Identity.WebApi\Tandia.Identity.WebApi.csproj", "{6589084F-0BF7-4A5F-8275-E441AC172203}"
EndProject
Project("{FAE04EC0-301F-11D3-BF4B-00C04F79EFBC}") = "Tandia.Identity.ComponentTests", "Tandia.Identity.ComponentTests\Tandia.Identity.ComponentTests.csproj", "{5DC46265-FA93-481E-990A-47FF437FBA73}"
EndProject
Global
	GlobalSection(SolutionConfigurationPlatforms) = preSolution
		Debug|Any CPU = Debug|Any CPU
		Release|Any CPU = Release|Any CPU
	EndGlobalSection
	GlobalSection(ProjectConfigurationPlatforms) = postSolution
		{5FF11BA1-F871-4D52-8375-C330B15AE609}.Debug|Any CPU.ActiveCfg = Debug|Any CPU
		{5FF11BA1-F871-4D52-8375-C330B15AE609}.Debug|Any CPU.Build.0 = Debug|Any CPU
		{5FF11BA1-F871-4D52-8375-C330B15AE609}.Release|Any CPU.ActiveCfg = Release|Any CPU
		{5FF11BA1-F871-4D52-8375-C330B15AE609}.Release|Any CPU.Build.0 = Release|Any CPU
		{5A321403-3565-43A1-ABC1-BD3DD7095D97}.Debug|Any CPU.ActiveCfg = Debug|Any CPU
		{5A321403-3565-43A1-ABC1-BD3DD7095D97}.Debug|Any CPU.Build.0 = Debug|Any CPU
		{5A321403-3565-43A1-ABC1-BD3DD7095D97}.Release|Any CPU.ActiveCfg = Release|Any CPU
		{5A321403-3565-43A1-ABC1-BD3DD7095D97}.Release|Any CPU.Build.0 = Release|Any CPU
		{BA022FBD-BF04-4DDA-BB97-0B0BE6C03723}.Debug|Any CPU.ActiveCfg = Debug|Any CPU
		{BA022FBD-BF04-4DDA-BB97-0B0BE6C03723}.Debug|Any CPU.Build.0 = Debug|Any CPU
		{BA022FBD-BF04-4DDA-BB97-0B0BE6C03723}.Release|Any CPU.ActiveCfg = Release|Any CPU
		{BA022FBD-BF04-4DDA-BB97-0B0BE6C03723}.Release|Any CPU.Build.0 = Release|Any CPU
		{5D336919-FFDA-459D-B43E-32C242678EBD}.Debug|Any CPU.ActiveCfg = Debug|Any CPU
		{5D336919-FFDA-459D-B43E-32C242678EBD}.Debug|Any CPU.Build.0 = Debug|Any CPU
		{5D336919-FFDA-459D-B43E-32C242678EBD}.Release|Any CPU.ActiveCfg = Release|Any CPU
		{5D336919-FFDA-459D-B43E-32C242678EBD}.Release|Any CPU.Build.0 = Release|Any CPU
		{68CBF5BB-9DC3-41BE-9F23-009E08390D24}.Debug|Any CPU.ActiveCfg = Debug|Any CPU
		{68CBF5BB-9DC3-41BE-9F23-009E08390D24}.Debug|Any CPU.Build.0 = Debug|Any CPU
		{68CBF5BB-9DC3-41BE-9F23-009E08390D24}.Release|Any CPU.ActiveCfg = Release|Any CPU
		{68CBF5BB-9DC3-41BE-9F23-009E08390D24}.Release|Any CPU.Build.0 = Release|Any CPU
		{118E13D5-EB81-4D54-968C-AEF6FE7562D9}.Debug|Any CPU.ActiveCfg = Debug|Any CPU
		{118E13D5-EB81-4D54-968C-AEF6FE7562D9}.Debug|Any CPU.Build.0 = Debug|Any CPU
		{118E13D5-EB81-4D54-968C-AEF6FE7562D9}.Release|Any CPU.ActiveCfg = Release|Any CPU
		{118E13D5-EB81-4D54-968C-AEF6FE7562D9}.Release|Any CPU.Build.0 = Release|Any CPU
		{9C668F5C-B3EA-414C-949E-BEA88F1B5F0C}.Debug|Any CPU.ActiveCfg = Debug|Any CPU
		{9C668F5C-B3EA-414C-949E-BEA88F1B5F0C}.Debug|Any CPU.Build.0 = Debug|Any CPU
		{9C668F5C-B3EA-414C-949E-BEA88F1B5F0C}.Release|Any CPU.ActiveCfg = Release|Any CPU
		{9C668F5C-B3EA-414C-949E-BEA88F1B5F0C}.Release|Any CPU.Build.0 = Release|Any CPU
		{6589084F-0BF7-4A5F-8275-E441AC172203}.Debug|Any CPU.ActiveCfg = Debug|Any CPU
		{6589084F-0BF7-4A5F-8275-E441AC172203}.Debug|Any CPU.Build.0 = Debug|Any CPU
		{6589084F-0BF7-4A5F-8275-E441AC172203}.Release|Any CPU.ActiveCfg = Release|Any CPU
		{6589084F-0BF7-4A5F-8275-E441AC172203}.Release|Any CPU.Build.0 = Release|Any CPU
		{5DC46265-FA93-481E-990A-47FF437FBA73}.Debug|Any CPU.ActiveCfg = Debug|Any CPU
		{5DC46265-FA93-481E-990A-47FF437FBA73}.Debug|Any CPU.Build.0 = Debug|Any CPU
		{5DC46265-FA93-481E-990A-47FF437FBA73}.Release|Any CPU.ActiveCfg = Release|Any CPU
		{5DC46265-FA93-481E-990A-47FF437FBA73}.Release|Any CPU.Build.0 = Release|Any CPU
	EndGlobalSection
	GlobalSection(SolutionProperties) = preSolution
		HideSolutionNode = FALSE
	EndGlobalSection
	GlobalSection(NestedProjects) = preSolution
		{D8E730BB-8C13-4AF5-9EBF-8A33C151D9E0} = {8DDE89DE-584D-454D-B1E6-7F3F75006101}
		{33705011-EAFC-41AD-97EE-3812FB4178C9} = {8DDE89DE-584D-454D-B1E6-7F3F75006101}
		{5FF11BA1-F871-4D52-8375-C330B15AE609} = {6EF2A63D-E9E5-443A-BEEB-21AB8C26547F}
		{5A321403-3565-43A1-ABC1-BD3DD7095D97} = {33705011-EAFC-41AD-97EE-3812FB4178C9}
		{6EF2A63D-E9E5-443A-BEEB-21AB8C26547F} = {D8E730BB-8C13-4AF5-9EBF-8A33C151D9E0}
		{BA022FBD-BF04-4DDA-BB97-0B0BE6C03723} = {6EF2A63D-E9E5-443A-BEEB-21AB8C26547F}
		{5D336919-FFDA-459D-B43E-32C242678EBD} = {6EF2A63D-E9E5-443A-BEEB-21AB8C26547F}
		{68CBF5BB-9DC3-41BE-9F23-009E08390D24} = {6EF2A63D-E9E5-443A-BEEB-21AB8C26547F}
		{36D591C7-65C7-A0D1-1CBC-10CDE441BDC8} = {D8E730BB-8C13-4AF5-9EBF-8A33C151D9E0}
		{118E13D5-EB81-4D54-968C-AEF6FE7562D9} = {36D591C7-65C7-A0D1-1CBC-10CDE441BDC8}
		{9C668F5C-B3EA-414C-949E-BEA88F1B5F0C} = {36D591C7-65C7-A0D1-1CBC-10CDE441BDC8}
		{6589084F-0BF7-4A5F-8275-E441AC172203} = {36D591C7-65C7-A0D1-1CBC-10CDE441BDC8}
		{5DC46265-FA93-481E-990A-47FF437FBA73} = {36D591C7-65C7-A0D1-1CBC-10CDE441BDC8}
	EndGlobalSection
	GlobalSection(ExtensibilityGlobals) = postSolution
		SolutionGuid = {E25415A5-C165-4DAD-A8A4-BCBC0872726F}
	EndGlobalSection
EndGlobal
